
Microsoft Visual Studio Solution File, Format Version 12.00
# Visual Studio Version 17
VisualStudioVersion = 17.10.34902.84
MinimumVisualStudioVersion = 10.0.40219.1
Project("{FAE04EC0-301F-11D3-BF4B-00C04F79EFBC}") = "solution_send_sms_for_multiple_tenant", "solution_send_sms_for_multiple_tenant\solution_send_sms_for_multiple_tenant.csproj", "{648FCBB7-C3CF-4920-B101-16EA5288DF20}"
EndProject
Global
	GlobalSection(SolutionConfigurationPlatforms) = preSolution
		Debug|Any CPU = Debug|Any CPU
		Release|Any CPU = Release|Any CPU
	EndGlobalSection
	GlobalSection(ProjectConfigurationPlatforms) = postSolution
		{648FCBB7-C3CF-4920-B101-16EA5288DF20}.Debug|Any CPU.ActiveCfg = Debug|Any CPU
		{648FCBB7-C3CF-4920-B101-16EA5288DF20}.Debug|Any CPU.Build.0 = Debug|Any CPU
		{648FCBB7-C3CF-4920-B101-16EA5288DF20}.Release|Any CPU.ActiveCfg = Release|Any CPU
		{648FCBB7-C3CF-4920-B101-16EA5288DF20}.Release|Any CPU.Build.0 = Release|Any CPU
	EndGlobalSection
	GlobalSection(SolutionProperties) = preSolution
		HideSolutionNode = FALSE
	EndGlobalSection
	GlobalSection(ExtensibilityGlobals) = postSolution
		SolutionGuid = {9B6D8A4B-1A71-4864-B199-8EACC18C1A64}
	EndGlobalSection
EndGlobal
